version: 7
platforms:
- name: linux-aarch64
environments:
  default:
    channels:
    - url: https://conda.anaconda.org/conda-forge/
    packages:
      linux-aarch64:
      - conda: https://conda.anaconda.org/conda-forge/linux-aarch64/_openmp_mutex-4.5-20_gnu.conda
      - conda: https://conda.anaconda.org/conda-forge/linux-aarch64/binutils-2.45.1-default_hf1166c9_102.conda
      - conda: https://conda.anaconda.org/conda-forge/linux-aarch64/binutils_impl_linux-aarch64-2.45.1-default_h5f4c503_102.conda
      - conda: https://conda.anaconda.org/conda-forge/linux-aarch64/binutils_linux-aarch64-2.45.1-default_hf1166c9_102.conda
      - conda: https://conda.anaconda.org/conda-forge/linux-aarch64/bzip2-1.0.8-h4777abc_9.conda
      - conda: https://conda.anaconda.org/conda-forge/linux-aarch64/c-ares-1.34.6-he30d5cf_0.conda
      - conda: https://conda.anaconda.org/conda-forge/linux-aarch64/c-compiler-1.11.0-hdceaead_0.conda
      - conda: https://conda.anaconda.org/conda-forge/linux-aarch64/cmake-4.3.3-hc9d863e_0.conda
      - conda: https://conda.anaconda.org/conda-forge/linux-aarch64/cxx-compiler-1.11.0-h7b35c40_0.conda
      - conda: https://conda.anaconda.org/conda-forge/linux-aarch64/fmt-12.1.0-h20c602a_0.conda
      - conda: https://conda.anaconda.org/conda-forge/linux-aarch64/gcc-14.3.0-h24a549f_19.conda
      - conda: https://conda.anaconda.org/conda-forge/linux-aarch64/gcc_impl_linux-aarch64-14.3.0-h398eab4_19.conda
      - conda: https://conda.anaconda.org/conda-forge/linux-aarch64/gcc_linux-aarch64-14.3.0-h140ef2e_25.conda
      - conda: https://conda.anaconda.org/conda-forge/linux-aarch64/gxx-14.3.0-ha384071_19.conda
      - conda: https://conda.anaconda.org/conda-forge/linux-aarch64/gxx_impl_linux-aarch64-14.3.0-h0d4f5d4_19.conda
      - conda: https://conda.anaconda.org/conda-forge/linux-aarch64/gxx_linux-aarch64-14.3.0-h73dd529_25.conda
      - conda: https://conda.anaconda.org/conda-forge/linux-aarch64/keyutils-1.6.3-h86ecc28_0.conda
      - conda: https://conda.anaconda.org/conda-forge/linux-aarch64/krb5-1.22.2-hfd895c2_0.conda
      - conda: https://conda.anaconda.org/conda-forge/linux-aarch64/ld_impl_linux-aarch64-2.45.1-default_h1979696_102.conda
      - conda: https://conda.anaconda.org/conda-forge/linux-aarch64/libabseil-20260107.1-cxx17_h6983b43_0.conda
      - conda: https://conda.anaconda.org/conda-forge/linux-aarch64/libcurl-8.20.0-hc57f145_0.conda
      - conda: https://conda.anaconda.org/conda-forge/linux-aarch64/libedit-3.1.20250104-pl5321h976ea20_0.conda
      - conda: https://conda.anaconda.org/conda-forge/linux-aarch64/libev-4.33-h31becfc_2.conda
      - conda: https://conda.anaconda.org/conda-forge/linux-aarch64/libexpat-2.8.1-hfae3067_0.conda
      - conda: https://conda.anaconda.org/conda-forge/linux-aarch64/libffi-3.5.2-h376a255_0.conda
      - conda: https://conda.anaconda.org/conda-forge/linux-aarch64/libgcc-15.2.0-h8acb6b2_19.conda
      - conda: https://conda.anaconda.org/conda-forge/linux-aarch64/libgcc-ng-15.2.0-he9431aa_19.conda
      - conda: https://conda.anaconda.org/conda-forge/linux-aarch64/libgomp-15.2.0-h8acb6b2_19.conda
      - conda: https://conda.anaconda.org/conda-forge/linux-aarch64/liblzma-5.8.3-he30d5cf_0.conda
      - conda: https://conda.anaconda.org/conda-forge/linux-aarch64/liblzma-devel-5.8.3-he30d5cf_0.conda
      - conda: https://conda.anaconda.org/conda-forge/linux-aarch64/libmpdec-4.0.0-he30d5cf_1.conda
      - conda: https://conda.anaconda.org/conda-forge/linux-aarch64/libnghttp2-1.68.1-hd3077d7_0.conda
      - conda: https://conda.anaconda.org/conda-forge/linux-aarch64/libpng-1.6.58-h1abf092_0.conda
      - conda: https://conda.anaconda.org/conda-forge/linux-aarch64/libprotobuf-6.33.5-h1f88751_0.conda
      - conda: https://conda.anaconda.org/conda-forge/linux-aarch64/libsanitizer-14.3.0-hedb4206_19.conda
      - conda: https://conda.anaconda.org/conda-forge/linux-aarch64/libsqlite-3.53.1-h022381a_0.conda
      - conda: https://conda.anaconda.org/conda-forge/linux-aarch64/libssh2-1.11.1-h18c354c_0.conda
      - conda: https://conda.anaconda.org/conda-forge/linux-aarch64/libstdcxx-15.2.0-hef695bb_19.conda
      - conda: https://conda.anaconda.org/conda-forge/linux-aarch64/libuuid-2.42.1-h1022ec0_0.conda
      - conda: https://conda.anaconda.org/conda-forge/linux-aarch64/libuv-1.52.1-h80f16a2_0.conda
      - conda: https://conda.anaconda.org/conda-forge/linux-aarch64/libzlib-1.3.2-hdc9db2a_2.conda
      - conda: https://conda.anaconda.org/conda-forge/linux-aarch64/lzo-2.10-h80f16a2_1002.conda
      - conda: https://conda.anaconda.org/conda-forge/linux-aarch64/make-4.4.1-h2a6d0cb_2.conda
      - conda: https://conda.anaconda.org/conda-forge/linux-aarch64/ncurses-6.6-hf8d1292_0.conda
      - conda: https://conda.anaconda.org/conda-forge/linux-aarch64/openssl-3.6.2-h546c87b_0.conda
      - conda: https://conda.anaconda.org/conda-forge/linux-aarch64/protobuf-6.33.5-py314hb844caf_2.conda
      - conda: https://conda.anaconda.org/conda-forge/linux-aarch64/python-3.14.5-hfd9ac0a_100_cp314.conda
      - conda: https://conda.anaconda.org/conda-forge/linux-aarch64/readline-8.3-hb682ff5_0.conda
      - conda: https://conda.anaconda.org/conda-forge/linux-aarch64/rhash-1.4.6-h86ecc28_1.conda
      - conda: https://conda.anaconda.org/conda-forge/linux-aarch64/spdlog-1.17.0-h9f97df7_1.conda
      - conda: https://conda.anaconda.org/conda-forge/linux-aarch64/tk-8.6.13-noxft_h0dc03b3_103.conda
      - conda: https://conda.anaconda.org/conda-forge/linux-aarch64/xz-5.8.3-hd704e39_0.conda
      - conda: https://conda.anaconda.org/conda-forge/linux-aarch64/xz-gpl-tools-5.8.3-hd704e39_0.conda
      - conda: https://conda.anaconda.org/conda-forge/linux-aarch64/xz-tools-5.8.3-he30d5cf_0.conda
      - conda: https://conda.anaconda.org/conda-forge/linux-aarch64/zlib-1.3.2-hdc9db2a_2.conda
      - conda: https://conda.anaconda.org/conda-forge/linux-aarch64/zstd-1.5.7-h85ac4a6_6.conda
      - conda: https://conda.anaconda.org/conda-forge/noarch/ca-certificates-2026.5.20-hbd8a1cb_0.conda
      - conda: https://conda.anaconda.org/conda-forge/noarch/kernel-headers_linux-aarch64-4.18.0-h05a177a_9.conda
      - conda: https://conda.anaconda.org/conda-forge/noarch/libgcc-devel_linux-aarch64-14.3.0-h25ba3ff_119.conda
      - conda: https://conda.anaconda.org/conda-forge/noarch/libstdcxx-devel_linux-aarch64-14.3.0-h57c8d61_119.conda
      - conda: https://conda.anaconda.org/conda-forge/noarch/python_abi-3.14-8_cp314.conda
      - conda: https://conda.anaconda.org/conda-forge/noarch/sysroot_linux-aarch64-2.28-h585391f_9.conda
      - conda: https://conda.anaconda.org/conda-forge/noarch/tzdata-2025c-hc9c84f9_1.conda
packages:
- conda: https://conda.anaconda.org/conda-forge/linux-aarch64/_openmp_mutex-4.5-20_gnu.conda
  build_number: 20
  sha256: a2527b1d81792a0ccd2c05850960df119c2b6d8f5fdec97f2db7d25dc23b1068
  md5: 468fd3bb9e1f671d36c2cbc677e56f1d
  depends:
  - libgomp >=7.5.0
  constrains:
  - openmp_impl <0.0a0
  license: BSD-3-Clause
  license_family: BSD
  size: 28926
  timestamp: 1770939656741
- conda: https://conda.anaconda.org/conda-forge/linux-aarch64/binutils-2.45.1-default_hf1166c9_102.conda
  sha256: 63a1bec2fc966476bf7a387a20e8987edd5640d37a40ffb2f6e2217ef82b816b
  md5: 3a238b9dcf59d03a379712f270867d80
  depends:
  - binutils_impl_linux-aarch64 >=2.45.1,<2.45.2.0a0
  license: GPL-3.0-only
  license_family: GPL
  size: 35511
  timestamp: 1774197558632
- conda: https://conda.anaconda.org/conda-forge/linux-aarch64/binutils_impl_linux-aarch64-2.45.1-default_h5f4c503_102.conda
  sha256: 7fd4ddde2f0150d015dfa9f2db5f428bd1570078f270e4bd4f116487a52de169
  md5: 56a04d796d7e3cdc9f8d2e1278e91bff
  depends:
  - ld_impl_linux-aarch64 2.45.1 default_h1979696_102
  - sysroot_linux-aarch64
  - zstd >=1.5.7,<1.6.0a0
  license: GPL-3.0-only
  license_family: GPL
  size: 4683754
  timestamp: 1774197535605
- conda: https://conda.anaconda.org/conda-forge/linux-aarch64/binutils_linux-aarch64-2.45.1-default_hf1166c9_102.conda
  sha256: ad076ff5f3d7734c48ea241a99c16336c278081a5f7a523329d0d5956723c481
  md5: 68d0661516aed9cab68d2ad6e287941f
  depends:
  - binutils_impl_linux-aarch64 2.45.1 default_h5f4c503_102
  license: GPL-3.0-only
  license_family: GPL
  size: 36267
  timestamp: 1774197561368
- conda: https://conda.anaconda.org/conda-forge/linux-aarch64/bzip2-1.0.8-h4777abc_9.conda
  sha256: b3495077889dde6bb370938e7db82be545c73e8589696ad0843a32221520ad4c
  md5: 840d8fc0d7b3209be93080bc20e07f2d
  depends:
  - libgcc >=14
  license: bzip2-1.0.6
  license_family: BSD
  size: 192412
  timestamp: 1771350241232
- conda: https://conda.anaconda.org/conda-forge/linux-aarch64/c-ares-1.34.6-he30d5cf_0.conda
  sha256: 7ec8a68efe479e2e298558cbc2e79d29430d5c7508254268818c0ae19b206519
  md5: 1dfbec0d08f112103405756181304c16
  depends:
  - libgcc >=14
  license: MIT
  license_family: MIT
  size: 217215
  timestamp: 1765214743735
- conda: https://conda.anaconda.org/conda-forge/linux-aarch64/c-compiler-1.11.0-hdceaead_0.conda
  sha256: a16c5078619d60e54f75336ed2bbb4ee0fb6f711de02dd364983748beda31e04
  md5: 89bc32110bba0dc160bb69427e196dc4
  depends:
  - binutils
  - gcc
  - gcc_linux-aarch64 14.*
  license: BSD-3-Clause
  license_family: BSD
  size: 6721
  timestamp: 1753098688332
- conda: https://conda.anaconda.org/conda-forge/linux-aarch64/cmake-4.3.3-hc9d863e_0.conda
  sha256: 2bd6cd5742ff206e61b9732bd8d84f820d10f5831b4d16276b9860b064a271f8
  md5: 51ed178d88a6b6011ef73684fb6cb5a3
  depends:
  - bzip2 >=1.0.8,<2.0a0
  - libcurl >=8.20.0,<9.0a0
  - libexpat >=2.8.1,<3.0a0
  - libgcc >=14
  - liblzma >=5.8.3,<6.0a0
  - libstdcxx >=14
  - libuv >=1.51.0,<2.0a0
  - libzlib >=1.3.2,<2.0a0
  - ncurses >=6.6,<7.0a0
  - rhash >=1.4.6,<2.0a0
  - zstd >=1.5.7,<1.6.0a0
  license: BSD-3-Clause
  license_family: BSD
  size: 22211237
  timestamp: 1779398063840
- conda: https://conda.anaconda.org/conda-forge/linux-aarch64/cxx-compiler-1.11.0-h7b35c40_0.conda
  sha256: b87cd33501867d999caa1a57e488e69dc9e08011ec8685586df754302247a7a4
  md5: 0234c63e6b36b1677fd6c5238ef0a4ec
  depends:
  - c-compiler 1.11.0 hdceaead_0
  - gxx
  - gxx_linux-aarch64 14.*
  license: BSD-3-Clause
  license_family: BSD
  size: 6705
  timestamp: 1753098688728
- conda: https://conda.anaconda.org/conda-forge/linux-aarch64/fmt-12.1.0-h20c602a_0.conda
  sha256: 7826619c80af5a5fb0c1f2a965c93f4b92670523e12ff45c592daa3f11340746
  md5: 067209b690c2d7f42e1e4c370d1aff12
  depends:
  - libgcc >=14
  - libstdcxx >=14
  license: MIT
  license_family: MIT
  size: 197671
  timestamp: 1767681179883
- conda: https://conda.anaconda.org/conda-forge/linux-aarch64/gcc-14.3.0-h24a549f_19.conda
  sha256: 6a5a295db229df19906e1aadb27d38270827985fca03f4165e3da468c3edfd01
  md5: 0ad8a664ad6cd5767114cddaa931d608
  depends:
  - gcc_impl_linux-aarch64 14.3.0 h398eab4_19
  track_features:
  - gcc_no_conda_specs
  license: BSD-3-Clause
  license_family: BSD
  size: 29634
  timestamp: 1778268833581
- conda: https://conda.anaconda.org/conda-forge/linux-aarch64/gcc_impl_linux-aarch64-14.3.0-h398eab4_19.conda
  sha256: 48ad41e482417ecb1b0c608139192ccb35ab09df195df69085b9b9378000287b
  md5: ad45f72d96f497f6cdfc31c86534c47f
  depends:
  - binutils_impl_linux-aarch64 >=2.45
  - libgcc >=14.3.0
  - libgcc-devel_linux-aarch64 14.3.0 h25ba3ff_119
  - libgomp >=14.3.0
  - libsanitizer 14.3.0 hedb4206_19
  - libstdcxx >=14.3.0
  - libstdcxx-devel_linux-aarch64 14.3.0 h57c8d61_119
  - sysroot_linux-aarch64
  license: GPL-3.0-only WITH GCC-exception-3.1
  license_family: GPL
  size: 68567347
  timestamp: 1778268606528
- conda: https://conda.anaconda.org/conda-forge/linux-aarch64/gcc_linux-aarch64-14.3.0-h140ef2e_25.conda
  sha256: e52a4dc150e9bebefd7aa42147e64f3bb1e05c86128013156867e0f50c793161
  md5: 37f51721bc9aee83218fbe356a65a5c6
  depends:
  - gcc_impl_linux-aarch64 14.3.0.*
  - binutils_linux-aarch64
  - sysroot_linux-aarch64
  license: BSD-3-Clause
  license_family: BSD
  size: 28918
  timestamp: 1779371711447
- conda: https://conda.anaconda.org/conda-forge/linux-aarch64/gxx-14.3.0-ha384071_19.conda
  sha256: 95cdda0bc4df220683aceb03b0989a2b979debfd526660d4f38180e1abec5cd6
  md5: ab314316b1497e7896813f7e9e67ee39
  depends:
  - gcc 14.3.0 h24a549f_19
  - gxx_impl_linux-aarch64 14.3.0 h0d4f5d4_19
  license: BSD-3-Clause
  license_family: BSD
  size: 29038
  timestamp: 1778268850192
- conda: https://conda.anaconda.org/conda-forge/linux-aarch64/gxx_impl_linux-aarch64-14.3.0-h0d4f5d4_19.conda
  sha256: d83ab2a25d52a2f564c9692aae1ef876a66ca2815f9997812df6babcf37d9e6e
  md5: e0761ef9f08505f6d1544ab0e202c764
  depends:
  - gcc_impl_linux-aarch64 14.3.0 h398eab4_19
  - libstdcxx-devel_linux-aarch64 14.3.0 h57c8d61_119
  - sysroot_linux-aarch64
  - tzdata
  license: GPL-3.0-only WITH GCC-exception-3.1
  license_family: GPL
  size: 13722799
  timestamp: 1778268804579
- conda: https://conda.anaconda.org/conda-forge/linux-aarch64/gxx_linux-aarch64-14.3.0-h73dd529_25.conda
  sha256: ced990f90ab5fb94c88cc2fd37af34ab9e366216770ef66480e0777009108475
  md5: 94f9a4546bd84d4bd86433e589ff365d
  depends:
  - gxx_impl_linux-aarch64 14.3.0.*
  - gcc_linux-aarch64 ==14.3.0 h140ef2e_25
  - binutils_linux-aarch64
  - sysroot_linux-aarch64
  license: BSD-3-Clause
  license_family: BSD
  size: 27479
  timestamp: 1779371711447
- conda: https://conda.anaconda.org/conda-forge/linux-aarch64/keyutils-1.6.3-h86ecc28_0.conda
  sha256: 5ce830ca274b67de11a7075430a72020c1fb7d486161a82839be15c2b84e9988
  md5: e7df0aab10b9cbb73ab2a467ebfaf8c7
  depends:
  - libgcc >=13
  license: LGPL-2.1-or-later
  size: 129048
  timestamp: 1754906002667
- conda: https://conda.anaconda.org/conda-forge/linux-aarch64/krb5-1.22.2-hfd895c2_0.conda
  sha256: b53999d888dda53c506b264e8c02b5f5c8e022c781eda0718f007339e6bc90ba
  md5: d9ca108bd680ea86a963104b6b3e95ca
  depends:
  - keyutils >=1.6.3,<2.0a0
  - libedit >=3.1.20250104,<3.2.0a0
  - libedit >=3.1.20250104,<4.0a0
  - libgcc >=14
  - libstdcxx >=14
  - openssl >=3.5.5,<4.0a0
  license: MIT
  license_family: MIT
  size: 1517436
  timestamp: 1769773395215
- conda: https://conda.anaconda.org/conda-forge/linux-aarch64/ld_impl_linux-aarch64-2.45.1-default_h1979696_102.conda
  sha256: 7abd913d81a9bf00abb699e8987966baa2065f5132e37e815f92d90fc6bba530
  md5: a21644fc4a83da26452a718dc9468d5f
  depends:
  - zstd >=1.5.7,<1.6.0a0
  constrains:
  - binutils_impl_linux-aarch64 2.45.1
  license: GPL-3.0-only
  license_family: GPL
  size: 875596
  timestamp: 1774197520746
- conda: https://conda.anaconda.org/conda-forge/linux-aarch64/libabseil-20260107.1-cxx17_h6983b43_0.conda
  sha256: 37675140819e10235a8ff342cb09f688f843ac390b64856d8e230700bbd7d5aa
  md5: 2a19160c13e688710dd200812fc9a6d3
  depends:
  - libgcc >=14
  - libstdcxx >=14
  constrains:
  - abseil-cpp =20260107.1
  - libabseil-static =20260107.1=cxx17*
  license: Apache-2.0
  license_family: Apache
  size: 1401836
  timestamp: 1770863223557
- conda: https://conda.anaconda.org/conda-forge/linux-aarch64/libcurl-8.20.0-hc57f145_0.conda
  sha256: 1607d3caf58f7d9e9ad9e5f0841737d0cfa47b5501d4e36fbf98e1c645d7393e
  md5: 88da514c8db1a7f6a05297941a897af2
  depends:
  - krb5 >=1.22.2,<1.23.0a0
  - libgcc >=14
  - libnghttp2 >=1.68.1,<2.0a0
  - libssh2 >=1.11.1,<2.0a0
  - libzlib >=1.3.2,<2.0a0
  - openssl >=3.5.6,<4.0a0
  - zstd >=1.5.7,<1.6.0a0
  license: curl
  license_family: MIT
  size: 488942
  timestamp: 1777461485901
- conda: https://conda.anaconda.org/conda-forge/linux-aarch64/libedit-3.1.20250104-pl5321h976ea20_0.conda
  sha256: c0b27546aa3a23d47919226b3a1635fccdb4f24b94e72e206a751b33f46fd8d6
  md5: fb640d776fc92b682a14e001980825b1
  depends:
  - ncurses
  - libgcc >=13
  - ncurses >=6.5,<7.0a0
  license: BSD-2-Clause
  license_family: BSD
  size: 148125
  timestamp: 1738479808948
- conda: https://conda.anaconda.org/conda-forge/linux-aarch64/libev-4.33-h31becfc_2.conda
  sha256: 973af77e297f1955dd1f69c2cbdc5ab9dfc88388a5576cd152cda178af0fd006
  md5: a9a13cb143bbaa477b1ebaefbe47a302
  depends:
  - libgcc-ng >=12
  license: BSD-2-Clause
  license_family: BSD
  size: 115123
  timestamp: 1702146237623
- conda: https://conda.anaconda.org/conda-forge/linux-aarch64/libexpat-2.8.1-hfae3067_0.conda
  sha256: 1fc392b997c6ee2bd3226a7cd870d0edbcbb367e25f9f18dd4a7025fced6efc0
  md5: 513dd884361dfb8a554298ed69b58823
  depends:
  - libgcc >=14
  constrains:
  - expat 2.8.1.*
  license: MIT
  license_family: MIT
  size: 77140
  timestamp: 1779278671302
- conda: https://conda.anaconda.org/conda-forge/linux-aarch64/libffi-3.5.2-h376a255_0.conda
  sha256: 3df4c539449aabc3443bbe8c492c01d401eea894603087fca2917aa4e1c2dea9
  md5: 2f364feefb6a7c00423e80dcb12db62a
  depends:
  - libgcc >=14
  license: MIT
  license_family: MIT
  size: 55952
  timestamp: 1769456078358
- conda: https://conda.anaconda.org/conda-forge/linux-aarch64/libgcc-15.2.0-h8acb6b2_19.conda
  sha256: 4592b096e553f67799ae70d4b6167eeda3ec74587d68c7aecbf4e7b1df136681
  md5: f35b3f52d0a2ec4ffe3c89ba135cdb9a
  depends:
  - _openmp_mutex >=4.5
  constrains:
  - libgomp 15.2.0 h8acb6b2_19
  - libgcc-ng ==15.2.0=*_19
  license: GPL-3.0-only WITH GCC-exception-3.1
  license_family: GPL
  size: 622462
  timestamp: 1778268755949
- conda: https://conda.anaconda.org/conda-forge/linux-aarch64/libgcc-ng-15.2.0-he9431aa_19.conda
  sha256: 1137f93f477f56199ded24117430045a0c02cbe8b10031beac3b9ad2138539d3
  md5: 770cf892e5530f43e63cadc673e85653
  depends:
  - libgcc 15.2.0 h8acb6b2_19
  license: GPL-3.0-only WITH GCC-exception-3.1
  license_family: GPL
  size: 27738
  timestamp: 1778268759211
- conda: https://conda.anaconda.org/conda-forge/linux-aarch64/libgomp-15.2.0-h8acb6b2_19.conda
  sha256: 2370ef0ffcbae5bede3c4bf136add4abc257245eb91f724c99bb4a43116c5a83
  md5: c5e8a379c4a2ec2aea4ba22758c001d9
  license: GPL-3.0-only WITH GCC-exception-3.1
  license_family: GPL
  size: 587387
  timestamp: 1778268674393
- conda: https://conda.anaconda.org/conda-forge/linux-aarch64/liblzma-5.8.3-he30d5cf_0.conda
  sha256: d61962b9cd54c3554361550203c64d5b65b71e3058a285b66e4b04b9769f0a5c
  md5: 76298a9e6d71ee6e832a8d0d7373b261
  depends:
  - libgcc >=14
  constrains:
  - xz 5.8.3.*
  license: 0BSD
  size: 126102
  timestamp: 1775828008518
- conda: https://conda.anaconda.org/conda-forge/linux-aarch64/liblzma-devel-5.8.3-he30d5cf_0.conda
  sha256: 584cbcebe2f8c4c3e81eb46e3ed085bc49f709a9aeb92847ac20e1aa25c4b7b6
  md5: 349d74fc98742dd532de0ae6368fd19d
  depends:
  - libgcc >=14
  - liblzma 5.8.3 he30d5cf_0
  license: 0BSD
  size: 493047
  timestamp: 1775828222341
- conda: https://conda.anaconda.org/conda-forge/linux-aarch64/libmpdec-4.0.0-he30d5cf_1.conda
  sha256: 57c0dd12d506e84541c4e877898bd2a59cca141df493d34036f18b2751e0a453
  md5: 7b9813e885482e3ccb1fa212b86d7fd0
  depends:
  - libgcc >=14
  license: BSD-2-Clause
  license_family: BSD
  size: 114056
  timestamp: 1769482343003
- conda: https://conda.anaconda.org/conda-forge/linux-aarch64/libnghttp2-1.68.1-hd3077d7_0.conda
  sha256: 13782715b9eeebc4ad16d36e84ca569d1495e3516aea3fe546a32caa0a597d82
  md5: be5f0f007a4500a226ef001115535a3d
  depends:
  - c-ares >=1.34.6,<2.0a0
  - libev >=4.33,<4.34.0a0
  - libev >=4.33,<5.0a0
  - libgcc >=14
  - libstdcxx >=14
  - libzlib >=1.3.1,<2.0a0
  - openssl >=3.5.5,<4.0a0
  license: MIT
  license_family: MIT
  size: 726928
  timestamp: 1773854039807
- conda: https://conda.anaconda.org/conda-forge/linux-aarch64/libpng-1.6.58-h1abf092_0.conda
  sha256: 483eaa53da40a6a3e558709d9f7b1ca388735364ae21a1ba58cf942514649c92
  md5: f51503ac45a4888bce71af9027a2ecc9
  depends:
  - libgcc >=14
  - libzlib >=1.3.2,<2.0a0
  license: zlib-acknowledgement
  size: 341202
  timestamp: 1776315188425
- conda: https://conda.anaconda.org/conda-forge/linux-aarch64/libprotobuf-6.33.5-h1f88751_0.conda
  sha256: f68780642c215b93f4991c43d88ab0af8a08e66826e68affc65b8905cc21d86b
  md5: 7f4a589ae616399b7e375053e82a3b12
  depends:
  - libabseil * cxx17*
  - libabseil >=20260107.0,<20260108.0a0
  - libgcc >=14
  - libstdcxx >=14
  - libzlib >=1.3.1,<2.0a0
  license: BSD-3-Clause
  license_family: BSD
  size: 3465308
  timestamp: 1769748410724
- conda: https://conda.anaconda.org/conda-forge/linux-aarch64/libsanitizer-14.3.0-hedb4206_19.conda
  sha256: d5bfc6472141488dccf7addade6e85574497a0cb3fe8ee10efb308eeffcea874
  md5: dde53e47246d01641cc9093aa9a66681
  depends:
  - libgcc >=14.3.0
  - libstdcxx >=14.3.0
  license: GPL-3.0-only WITH GCC-exception-3.1
  license_family: GPL
  size: 7199495
  timestamp: 1778268550110
- conda: https://conda.anaconda.org/conda-forge/linux-aarch64/libsqlite-3.53.1-h022381a_0.conda
  sha256: ad03b7d8e4d08001f0df88ee7a56108bb35bae4795a42b9a04cc1abfa822bd07
  md5: 2ec1119217d8f0d086e9a62f3cb0e5ea
  depends:
  - libgcc >=14
  - libzlib >=1.3.2,<2.0a0
  license: blessing
  size: 955361
  timestamp: 1777986487553
- conda: https://conda.anaconda.org/conda-forge/linux-aarch64/libssh2-1.11.1-h18c354c_0.conda
  sha256: 1e289bcce4ee6a5817a19c66e296f3c644dcfa6e562e5c1cba807270798814e7
  md5: eecc495bcfdd9da8058969656f916cc2
  depends:
  - libgcc >=13
  - libzlib >=1.3.1,<2.0a0
  - openssl >=3.5.0,<4.0a0
  license: BSD-3-Clause
  license_family: BSD
  size: 311396
  timestamp: 1745609845915
- conda: https://conda.anaconda.org/conda-forge/linux-aarch64/libstdcxx-15.2.0-hef695bb_19.conda
  sha256: 1dadc45e599f510dd5f97141dddcdbb9844d9f1430c1f3a38075cf1c58f87b4e
  md5: 543fbc8d71f2a0baf04cf88ce96cb8bb
  depends:
  - libgcc 15.2.0 h8acb6b2_19
  constrains:
  - libstdcxx-ng ==15.2.0=*_19
  license: GPL-3.0-only WITH GCC-exception-3.1
  license_family: GPL
  size: 5546559
  timestamp: 1778268777463
- conda: https://conda.anaconda.org/conda-forge/linux-aarch64/libuuid-2.42.1-h1022ec0_0.conda
  sha256: 1628839b062e98b2192857d4da8496ac9ac6b0dbb77aa040c34efc9192c440ee
  md5: 0f42f9fedd2a32d798de95a7f65c456f
  depends:
  - libgcc >=14
  license: BSD-3-Clause
  license_family: BSD
  size: 43453
  timestamp: 1779118526838
- conda: https://conda.anaconda.org/conda-forge/linux-aarch64/libuv-1.52.1-h80f16a2_0.conda
  sha256: 3e2ead35f47d01364031f323f1be984018c8f19a3a264f952ddcd043685a1c86
  md5: ac7bcbd2c77691cd6d1ede8c029e8c8a
  depends:
  - libgcc >=14
  license: MIT
  license_family: MIT
  size: 456627
  timestamp: 1779396031450
- conda: https://conda.anaconda.org/conda-forge/linux-aarch64/libzlib-1.3.2-hdc9db2a_2.conda
  sha256: eb111e32e5a7313a5bf799c7fb2419051fa2fe7eff74769fac8d5a448b309f7f
  md5: 502006882cf5461adced436e410046d1
  constrains:
  - zlib 1.3.2 *_2
  license: Zlib
  license_family: Other
  size: 69833
  timestamp: 1774072605429
- conda: https://conda.anaconda.org/conda-forge/linux-aarch64/lzo-2.10-h80f16a2_1002.conda
  sha256: 036428c7b9fd22889108d04c91cecc431f95dc3dba2ede3057330c8125080fd5
  md5: 97af2e332449dd9e92ad7db93b02e918
  depends:
  - libgcc >=14
  license: GPL-2.0-or-later
  license_family: GPL
  size: 190187
  timestamp: 1753889356434
- conda: https://conda.anaconda.org/conda-forge/linux-aarch64/make-4.4.1-h2a6d0cb_2.conda
  sha256: d243aea768e6fa360b7eda598340f43d2a41c9fc169d9f97f505410be68815f8
  md5: 5983ffb12d09efc45c4a3b74cd890137
  depends:
  - libgcc >=13
  license: GPL-3.0-or-later
  license_family: GPL
  size: 528318
  timestamp: 1727801707353
- conda: https://conda.anaconda.org/conda-forge/linux-aarch64/ncurses-6.6-hf8d1292_0.conda
  sha256: 369db85c5cd8d99dde364ce70725d76511d9c8199e5b820c740414091bf5bcca
  md5: b2a43456aa56fe80c2477a5094899eff
  depends:
  - libgcc >=14
  license: X11 AND BSD-3-Clause
  size: 960036
  timestamp: 1777422174534
- conda: https://conda.anaconda.org/conda-forge/linux-aarch64/openssl-3.6.2-h546c87b_0.conda
  sha256: 348cb74c1530ac241215d047ef65d134cf797af935c97a68655319362b7e6a01
  md5: 3b129669089e4d6a5c6871dbb4669b99
  depends:
  - ca-certificates
  - libgcc >=14
  license: Apache-2.0
  license_family: Apache
  size: 3706406
  timestamp: 1775589602258
- conda: https://conda.anaconda.org/conda-forge/linux-aarch64/protobuf-6.33.5-py314hb844caf_2.conda
  sha256: 2b039350aa8955ddf820ed5ed5424a6853a61beccb224fb2763949beff027832
  md5: 5f020653948ac980e90be85186df6c87
  depends:
  - libabseil * cxx17*
  - libabseil >=20260107.1,<20260108.0a0
  - libgcc >=14
  - libstdcxx >=14
  - libzlib >=1.3.1,<2.0a0
  - python >=3.14,<3.15.0a0
  - python >=3.14,<3.15.0a0 *_cp314
  - python_abi 3.14.* *_cp314
  constrains:
  - libprotobuf 6.33.5
  license: BSD-3-Clause
  license_family: BSD
  size: 501138
  timestamp: 1773266040567
- conda: https://conda.anaconda.org/conda-forge/linux-aarch64/python-3.14.5-hfd9ac0a_100_cp314.conda
  build_number: 100
  sha256: d37bad5447365346166c72950ea8f49689aa49cecc1b0623d00458427627b8df
  md5: d956e09feb806f5974675ce92ad81d45
  depends:
  - bzip2 >=1.0.8,<2.0a0
  - ld_impl_linux-aarch64 >=2.36.1
  - libexpat >=2.8.0,<3.0a0
  - libffi >=3.5.2,<3.6.0a0
  - libgcc >=14
  - liblzma >=5.8.3,<6.0a0
  - libmpdec >=4.0.0,<5.0a0
  - libsqlite >=3.53.1,<4.0a0
  - libuuid >=2.42.1,<3.0a0
  - libzlib >=1.3.2,<2.0a0
  - ncurses >=6.6,<7.0a0
  - openssl >=3.5.6,<4.0a0
  - python_abi 3.14.* *_cp314
  - readline >=8.3,<9.0a0
  - tk >=8.6.13,<8.7.0a0
  - tzdata
  - zstd >=1.5.7,<1.6.0a0
  license: Python-2.0
  size: 37510439
  timestamp: 1779236267040
  python_site_packages_path: lib/python3.14/site-packages
- conda: https://conda.anaconda.org/conda-forge/linux-aarch64/readline-8.3-hb682ff5_0.conda
  sha256: fe695f9d215e9a2e3dd0ca7f56435ab4df24f5504b83865e3d295df36e88d216
  md5: 3d49cad61f829f4f0e0611547a9cda12
  depends:
  - libgcc >=14
  - ncurses >=6.5,<7.0a0
  license: GPL-3.0-only
  license_family: GPL
  size: 357597
  timestamp: 1765815673644
- conda: https://conda.anaconda.org/conda-forge/linux-aarch64/rhash-1.4.6-h86ecc28_1.conda
  sha256: 0fe6f40213f2d8af4fcb7388eeb782a4e496c8bab32c189c3a34b37e8004e5a4
  md5: 745d02c0c22ea2f28fbda2cb5dbec189
  depends:
  - libgcc >=13
  license: MIT
  license_family: MIT
  size: 207475
  timestamp: 1748644952027
- conda: https://conda.anaconda.org/conda-forge/linux-aarch64/spdlog-1.17.0-h9f97df7_1.conda
  sha256: 36f5c0d73d88760438388bc940a65af4d9de3ecaf6fa5656a22a060d262d56f5
  md5: 910d3cbb4ccf371b6355a98b1233eb8f
  depends:
  - fmt >=12.1.0,<12.2.0a0
  - libgcc >=14
  - libstdcxx >=14
  license: MIT
  license_family: MIT
  size: 195699
  timestamp: 1767781668042
- conda: https://conda.anaconda.org/conda-forge/linux-aarch64/tk-8.6.13-noxft_h0dc03b3_103.conda
  sha256: e25c314b52764219f842b41aea2c98a059f06437392268f09b03561e4f6e5309
  md5: 7fc6affb9b01e567d2ef1d05b84aa6ed
  depends:
  - libgcc >=14
  - libzlib >=1.3.1,<2.0a0
  constrains:
  - xorg-libx11 >=1.8.12,<2.0a0
  license: TCL
  license_family: BSD
  size: 3368666
  timestamp: 1769464148928
- conda: https://conda.anaconda.org/conda-forge/linux-aarch64/xz-5.8.3-hd704e39_0.conda
  sha256: a12cc406fc348d3b3a6c2bc6e2a1a82b2f6865d67f1f41498f7301aea77ae9c3
  md5: 515cd9d9970d3addd52b8f85ee1beab9
  depends:
  - libgcc >=14
  - liblzma 5.8.3 he30d5cf_0
  - liblzma-devel 5.8.3 he30d5cf_0
  - xz-gpl-tools 5.8.3 hd704e39_0
  - xz-tools 5.8.3 he30d5cf_0
  license: 0BSD AND LGPL-2.1-or-later AND GPL-2.0-or-later
  size: 24330
  timestamp: 1775828875434
- conda: https://conda.anaconda.org/conda-forge/linux-aarch64/xz-gpl-tools-5.8.3-hd704e39_0.conda
  sha256: ad964969ff1a72d8cc8d60a6bbd66ca5f79c00f2e3dec612caae1c2c5b9e2d16
  md5: f357f5285cc0c4df2305dd6ccb977ec5
  depends:
  - libgcc >=14
  - liblzma 5.8.3 he30d5cf_0
  constrains:
  - xz 5.8.3.*
  license: 0BSD AND LGPL-2.1-or-later AND GPL-2.0-or-later
  size: 34353
  timestamp: 1775828661986
- conda: https://conda.anaconda.org/conda-forge/linux-aarch64/xz-tools-5.8.3-he30d5cf_0.conda
  sha256: 86d48bb0ac214d1d72e05e765523d5847f3ccd872c142304d3c307cc95c93881
  md5: 6cf7b9f879c7665749c7ddd45cc5c163
  depends:
  - libgcc >=14
  - liblzma 5.8.3 he30d5cf_0
  constrains:
  - xz 5.8.3.*
  license: 0BSD AND LGPL-2.1-or-later
  size: 102970
  timestamp: 1775828449899
- conda: https://conda.anaconda.org/conda-forge/linux-aarch64/zlib-1.3.2-hdc9db2a_2.conda
  sha256: d651731b45f2d84591881da3ce3e4107a9ba6709fe790dbd5f7b8d9c89a02ed7
  md5: 493587274c81b34d198b085b46a86eaa
  depends:
  - libzlib 1.3.2 hdc9db2a_2
  license: Zlib
  license_family: Other
  size: 100515
  timestamp: 1774072641977
- conda: https://conda.anaconda.org/conda-forge/linux-aarch64/zstd-1.5.7-h85ac4a6_6.conda
  sha256: 569990cf12e46f9df540275146da567d9c618c1e9c7a0bc9d9cfefadaed20b75
  md5: c3655f82dcea2aa179b291e7099c1fcc
  depends:
  - libzlib >=1.3.1,<2.0a0
  license: BSD-3-Clause
  license_family: BSD
  size: 614429
  timestamp: 1764777145593
- conda: https://conda.anaconda.org/conda-forge/noarch/ca-certificates-2026.5.20-hbd8a1cb_0.conda
  sha256: 9812a303a1395e1dafbd92e5bc8a1ff6013bcbba0a09c7f03a8d23e43560aa9b
  md5: 489b8e97e666c93f68fdb35c3c9b957f
  depends:
  - __unix
  license: ISC
  size: 129868
  timestamp: 1779289852439
- conda: https://conda.anaconda.org/conda-forge/noarch/kernel-headers_linux-aarch64-4.18.0-h05a177a_9.conda
  sha256: 5d224bf4df9bac24e69de41897c53756108c5271a0e5d2d2f66fd4e2fbc1d84b
  md5: bb3b7cad9005f2cbf9d169fb30263f3e
  constrains:
  - sysroot_linux-aarch64 ==2.28
  license: LGPL-2.0-or-later AND LGPL-2.0-or-later WITH exceptions AND GPL-2.0-or-later
  license_family: GPL
  size: 1248134
  timestamp: 1765578613607
- conda: https://conda.anaconda.org/conda-forge/noarch/libgcc-devel_linux-aarch64-14.3.0-h25ba3ff_119.conda
  sha256: e06d098cd33eac577b9c994a47243de5439ca8fd9ff6e790723fbfdc3d61a76c
  md5: 970ca6cb337de6a7bccfaaa344e9863b
  depends:
  - __unix
  license: GPL-3.0-only WITH GCC-exception-3.1
  license_family: GPL
  size: 2346647
  timestamp: 1778268433769
- conda: https://conda.anaconda.org/conda-forge/noarch/libstdcxx-devel_linux-aarch64-14.3.0-h57c8d61_119.conda
  sha256: 918ae042d508617da3c06fb55332f1280340eb705a69a0b1d14fa6fddb790145
  md5: 8c7bc9930a1b7c38557311fbea9a433f
  depends:
  - __unix
  license: GPL-3.0-only WITH GCC-exception-3.1
  license_family: GPL
  size: 17587589
  timestamp: 1778268454520
- conda: https://conda.anaconda.org/conda-forge/noarch/python_abi-3.14-8_cp314.conda
  build_number: 8
  sha256: ad6d2e9ac39751cc0529dd1566a26751a0bf2542adb0c232533d32e176e21db5
  md5: 0539938c55b6b1a59b560e843ad864a4
  constrains:
  - python 3.14.* *_cp314
  license: BSD-3-Clause
  license_family: BSD
  size: 6989
  timestamp: 1752805904792
- conda: https://conda.anaconda.org/conda-forge/noarch/sysroot_linux-aarch64-2.28-h585391f_9.conda
  sha256: 1bd2db6b2e451247bab103e4a0128cf6c7595dd72cb26d70f7fadd9edd1d1bc3
  md5: fdf07ab944a222ff28c754914fdb0740
  depends:
  - __glibc >=2.28
  - kernel-headers_linux-aarch64 4.18.0 h05a177a_9
  - tzdata
  license: LGPL-2.0-or-later AND LGPL-2.0-or-later WITH exceptions AND GPL-2.0-or-later
  license_family: GPL
  size: 23644746
  timestamp: 1765578629426
- conda: https://conda.anaconda.org/conda-forge/noarch/tzdata-2025c-hc9c84f9_1.conda
  sha256: 1d30098909076af33a35017eed6f2953af1c769e273a0626a04722ac4acaba3c
  md5: ad659d0a2b3e47e38d829aa8cad2d610
  license: LicenseRef-Public-Domain
  size: 119135
  timestamp: 1767016325805
